
Microsoft Visual Studio Solution File, Format Version 12.00
# Visual Studio Version 17
VisualStudioVersion = 17.8.34330.188
MinimumVisualStudioVersion = 10.0.40219.1
Project("{9A19103F-16F7-4668-BE54-9A1E7A4F7556}") = "TeamPickerAPI", "AuthServerAPI\TeamPickerAPI.csproj", "{607DA908-2079-40E0-918A-820ECFC1A9B9}"
EndProject
Global
	GlobalSection(SolutionConfigurationPlatforms) = preSolution
		Debug|Any CPU = Debug|Any CPU
		Release|Any CPU = Release|Any CPU
	EndGlobalSection
	GlobalSection(ProjectConfigurationPlatforms) = postSolution
		{607DA908-2079-40E0-918A-820ECFC1A9B9}.Debug|Any CPU.ActiveCfg = Debug|Any CPU
		{607DA908-2079-40E0-918A-820ECFC1A9B9}.Debug|Any CPU.Build.0 = Debug|Any CPU
		{607DA908-2079-40E0-918A-820ECFC1A9B9}.Release|Any CPU.ActiveCfg = Release|Any CPU
		{607DA908-2079-40E0-918A-820ECFC1A9B9}.Release|Any CPU.Build.0 = Release|Any CPU
	EndGlobalSection
	GlobalSection(SolutionProperties) = preSolution
		HideSolutionNode = FALSE
	EndGlobalSection
	GlobalSection(ExtensibilityGlobals) = postSolution
		SolutionGuid = {80AB0F31-3383-4D86-82A4-6E9ECFC5B158}
	EndGlobalSection
EndGlobal
